
Microsoft Visual Studio Solution File, Format Version 12.00
# Visual Studio Version 17
VisualStudioVersion = 17.14.37027.9
MinimumVisualStudioVersion = 10.0.40219.1
Project("{2150E333-8FDC-42A3-9474-1A3956D46DE8}") = "src", "src", "{827E0CD3-B72D-47B6-A68D-7590B98EB39B}"
EndProject
Project("{FAE04EC0-301F-11D3-BF4B-00C04F79EFBC}") = "SyntheticMind.Mind", "src\SyntheticMind.Mind\SyntheticMind.Mind.csproj", "{10A3C5AF-93CA-4A34-B215-FB411DEA2518}"
EndProject
Project("{FAE04EC0-301F-11D3-BF4B-00C04F79EFBC}") = "SyntheticMind.Lab", "src\SyntheticMind.Lab\SyntheticMind.Lab.csproj", "{DCC7901B-E769-46B3-AD2A-B4A9BBF89A34}"
EndProject
Project("{2150E333-8FDC-42A3-9474-1A3956D46DE8}") = "tests", "tests", "{0AB3BF05-4346-4AA6-1389-037BE0695223}"
EndProject
Project("{FAE04EC0-301F-11D3-BF4B-00C04F79EFBC}") = "SyntheticMind.Tests", "tests\SyntheticMind.Tests\SyntheticMind.Tests.csproj", "{D09FC68E-E0EE-4976-9B23-B9478B7AA25A}"
EndProject
Project("{FAE04EC0-301F-11D3-BF4B-00C04F79EFBC}") = "SyntheticMind.Audio", "src\SyntheticMind.Audio\SyntheticMind.Audio.csproj", "{41481A52-CD02-4EE4-BF55-578E9D78CA31}"
EndProject
Project("{FAE04EC0-301F-11D3-BF4B-00C04F79EFBC}") = "SyntheticMind.Listen", "src\SyntheticMind.Listen\SyntheticMind.Listen.csproj", "{C2EC4AB4-49CD-473B-A98D-58512012018F}"
EndProject
Project("{FAE04EC0-301F-11D3-BF4B-00C04F79EFBC}") = "SyntheticMind.Vision", "src\SyntheticMind.Vision\SyntheticMind.Vision.csproj", "{480CB110-BB4E-480D-A2DB-E4C8B6CE57DD}"
EndProject
Project("{FAE04EC0-301F-11D3-BF4B-00C04F79EFBC}") = "SyntheticMind.Perceive", "src\SyntheticMind.Perceive\SyntheticMind.Perceive.csproj", "{1908BE0E-23C0-4184-B885-211C2ABCDDE4}"
EndProject
Project("{FAE04EC0-301F-11D3-BF4B-00C04F79EFBC}") = "SyntheticMind.Watch", "src\SyntheticMind.Watch\SyntheticMind.Watch.csproj", "{2524F696-337B-4627-8608-135B314C7EAB}"
EndProject
Project("{FAE04EC0-301F-11D3-BF4B-00C04F79EFBC}") = "SyntheticMind.Voice", "src\SyntheticMind.Voice\SyntheticMind.Voice.csproj", "{F79A51AD-E44B-4998-A8F9-4A1C3735A6C6}"
EndProject
Project("{FAE04EC0-301F-11D3-BF4B-00C04F79EFBC}") = "SyntheticMind.SeeSay", "src\SyntheticMind.SeeSay\SyntheticMind.SeeSay.csproj", "{E3AE5BBA-305D-4205-A809-66B936699C99}"
EndProject
Project("{FAE04EC0-301F-11D3-BF4B-00C04F79EFBC}") = "SyntheticMind.Name", "src\SyntheticMind.Name\SyntheticMind.Name.csproj", "{7A3E9436-AE09-4691-9378-A73A1EEBD7F0}"
EndProject
Project("{FAE04EC0-301F-11D3-BF4B-00C04F79EFBC}") = "SyntheticMind.NameSay", "src\SyntheticMind.NameSay\SyntheticMind.NameSay.csproj", "{ECF3A068-C731-4C2E-887B-FDDDCBC0A208}"
EndProject
Project("{FAE04EC0-301F-11D3-BF4B-00C04F79EFBC}") = "SyntheticMind", "src\SyntheticMind\SyntheticMind.csproj", "{85197ED5-6F3C-45EF-8E89-D2A02E747EEC}"
EndProject
Project("{FAE04EC0-301F-11D3-BF4B-00C04F79EFBC}") = "SyntheticMind.Runtime", "src\SyntheticMind.Runtime\SyntheticMind.Runtime.csproj", "{23FA5C1E-1C73-471A-A879-B0083530DDDC}"
EndProject
Project("{FAE04EC0-301F-11D3-BF4B-00C04F79EFBC}") = "SyntheticMind.Tuner", "src\SyntheticMind.Tuner\SyntheticMind.Tuner.csproj", "{32AA797C-A5B1-4FA5-A462-1C68DB072851}"
EndProject
Global
	GlobalSection(SolutionConfigurationPlatforms) = preSolution
		Debug|Any CPU = Debug|Any CPU
		Debug|x64 = Debug|x64
		Debug|x86 = Debug|x86
		Release|Any CPU = Release|Any CPU
		Release|x64 = Release|x64
		Release|x86 = Release|x86
	EndGlobalSection
	GlobalSection(ProjectConfigurationPlatforms) = postSolution
		{10A3C5AF-93CA-4A34-B215-FB411DEA2518}.Debug|Any CPU.ActiveCfg = Debug|Any CPU
		{10A3C5AF-93CA-4A34-B215-FB411DEA2518}.Debug|Any CPU.Build.0 = Debug|Any CPU
		{10A3C5AF-93CA-4A34-B215-FB411DEA2518}.Debug|x64.ActiveCfg = Debug|Any CPU
		{10A3C5AF-93CA-4A34-B215-FB411DEA2518}.Debug|x64.Build.0 = Debug|Any CPU
		{10A3C5AF-93CA-4A34-B215-FB411DEA2518}.Debug|x86.ActiveCfg = Debug|Any CPU
		{10A3C5AF-93CA-4A34-B215-FB411DEA2518}.Debug|x86.Build.0 = Debug|Any CPU
		{10A3C5AF-93CA-4A34-B215-FB411DEA2518}.Release|Any CPU.ActiveCfg = Release|Any CPU
		{10A3C5AF-93CA-4A34-B215-FB411DEA2518}.Release|Any CPU.Build.0 = Release|Any CPU
		{10A3C5AF-93CA-4A34-B215-FB411DEA2518}.Release|x64.ActiveCfg = Release|Any CPU
		{10A3C5AF-93CA-4A34-B215-FB411DEA2518}.Release|x64.Build.0 = Release|Any CPU
		{10A3C5AF-93CA-4A34-B215-FB411DEA2518}.Release|x86.ActiveCfg = Release|Any CPU
		{10A3C5AF-93CA-4A34-B215-FB411DEA2518}.Release|x86.Build.0 = Release|Any CPU
		{DCC7901B-E769-46B3-AD2A-B4A9BBF89A34}.Debug|Any CPU.ActiveCfg = Debug|Any CPU
		{DCC7901B-E769-46B3-AD2A-B4A9BBF89A34}.Debug|Any CPU.Build.0 = Debug|Any CPU
		{DCC7901B-E769-46B3-AD2A-B4A9BBF89A34}.Debug|x64.ActiveCfg = Debug|Any CPU
		{DCC7901B-E769-46B3-AD2A-B4A9BBF89A34}.Debug|x64.Build.0 = Debug|Any CPU
		{DCC7901B-E769-46B3-AD2A-B4A9BBF89A34}.Debug|x86.ActiveCfg = Debug|Any CPU
		{DCC7901B-E769-46B3-AD2A-B4A9BBF89A34}.Debug|x86.Build.0 = Debug|Any CPU
		{DCC7901B-E769-46B3-AD2A-B4A9BBF89A34}.Release|Any CPU.ActiveCfg = Release|Any CPU
		{DCC7901B-E769-46B3-AD2A-B4A9BBF89A34}.Release|Any CPU.Build.0 = Release|Any CPU
		{DCC7901B-E769-46B3-AD2A-B4A9BBF89A34}.Release|x64.ActiveCfg = Release|Any CPU
		{DCC7901B-E769-46B3-AD2A-B4A9BBF89A34}.Release|x64.Build.0 = Release|Any CPU
		{DCC7901B-E769-46B3-AD2A-B4A9BBF89A34}.Release|x86.ActiveCfg = Release|Any CPU
		{DCC7901B-E769-46B3-AD2A-B4A9BBF89A34}.Release|x86.Build.0 = Release|Any CPU
		{D09FC68E-E0EE-4976-9B23-B9478B7AA25A}.Debug|Any CPU.ActiveCfg = Debug|Any CPU
		{D09FC68E-E0EE-4976-9B23-B9478B7AA25A}.Debug|Any CPU.Build.0 = Debug|Any CPU
		{D09FC68E-E0EE-4976-9B23-B9478B7AA25A}.Debug|x64.ActiveCfg = Debug|Any CPU
		{D09FC68E-E0EE-4976-9B23-B9478B7AA25A}.Debug|x64.Build.0 = Debug|Any CPU
		{D09FC68E-E0EE-4976-9B23-B9478B7AA25A}.Debug|x86.ActiveCfg = Debug|Any CPU
		{D09FC68E-E0EE-4976-9B23-B9478B7AA25A}.Debug|x86.Build.0 = Debug|Any CPU
		{D09FC68E-E0EE-4976-9B23-B9478B7AA25A}.Release|Any CPU.ActiveCfg = Release|Any CPU
		{D09FC68E-E0EE-4976-9B23-B9478B7AA25A}.Release|Any CPU.Build.0 = Release|Any CPU
		{D09FC68E-E0EE-4976-9B23-B9478B7AA25A}.Release|x64.ActiveCfg = Release|Any CPU
		{D09FC68E-E0EE-4976-9B23-B9478B7AA25A}.Release|x64.Build.0 = Release|Any CPU
		{D09FC68E-E0EE-4976-9B23-B9478B7AA25A}.Release|x86.ActiveCfg = Release|Any CPU
		{D09FC68E-E0EE-4976-9B23-B9478B7AA25A}.Release|x86.Build.0 = Release|Any CPU
		{41481A52-CD02-4EE4-BF55-578E9D78CA31}.Debug|Any CPU.ActiveCfg = Debug|Any CPU
		{41481A52-CD02-4EE4-BF55-578E9D78CA31}.Debug|Any CPU.Build.0 = Debug|Any CPU
		{41481A52-CD02-4EE4-BF55-578E9D78CA31}.Debug|x64.ActiveCfg = Debug|Any CPU
		{41481A52-CD02-4EE4-BF55-578E9D78CA31}.Debug|x64.Build.0 = Debug|Any CPU
		{41481A52-CD02-4EE4-BF55-578E9D78CA31}.Debug|x86.ActiveCfg = Debug|Any CPU
		{41481A52-CD02-4EE4-BF55-578E9D78CA31}.Debug|x86.Build.0 = Debug|Any CPU
		{41481A52-CD02-4EE4-BF55-578E9D78CA31}.Release|Any CPU.ActiveCfg = Release|Any CPU
		{41481A52-CD02-4EE4-BF55-578E9D78CA31}.Release|Any CPU.Build.0 = Release|Any CPU
		{41481A52-CD02-4EE4-BF55-578E9D78CA31}.Release|x64.ActiveCfg = Release|Any CPU
		{41481A52-CD02-4EE4-BF55-578E9D78CA31}.Release|x64.Build.0 = Release|Any CPU
		{41481A52-CD02-4EE4-BF55-578E9D78CA31}.Release|x86.ActiveCfg = Release|Any CPU
		{41481A52-CD02-4EE4-BF55-578E9D78CA31}.Release|x86.Build.0 = Release|Any CPU
		{C2EC4AB4-49CD-473B-A98D-58512012018F}.Debug|Any CPU.ActiveCfg = Debug|Any CPU
		{C2EC4AB4-49CD-473B-A98D-58512012018F}.Debug|Any CPU.Build.0 = Debug|Any CPU
		{C2EC4AB4-49CD-473B-A98D-58512012018F}.Debug|x64.ActiveCfg = Debug|Any CPU
		{C2EC4AB4-49CD-473B-A98D-58512012018F}.Debug|x64.Build.0 = Debug|Any CPU
		{C2EC4AB4-49CD-473B-A98D-58512012018F}.Debug|x86.ActiveCfg = Debug|Any CPU
		{C2EC4AB4-49CD-473B-A98D-58512012018F}.Debug|x86.Build.0 = Debug|Any CPU
		{C2EC4AB4-49CD-473B-A98D-58512012018F}.Release|Any CPU.ActiveCfg = Release|Any CPU
		{C2EC4AB4-49CD-473B-A98D-58512012018F}.Release|Any CPU.Build.0 = Release|Any CPU
		{C2EC4AB4-49CD-473B-A98D-58512012018F}.Release|x64.ActiveCfg = Release|Any CPU
		{C2EC4AB4-49CD-473B-A98D-58512012018F}.Release|x64.Build.0 = Release|Any CPU
		{C2EC4AB4-49CD-473B-A98D-58512012018F}.Release|x86.ActiveCfg = Release|Any CPU
		{C2EC4AB4-49CD-473B-A98D-58512012018F}.Release|x86.Build.0 = Release|Any CPU
		{480CB110-BB4E-480D-A2DB-E4C8B6CE57DD}.Debug|Any CPU.ActiveCfg = Debug|Any CPU
		{480CB110-BB4E-480D-A2DB-E4C8B6CE57DD}.Debug|Any CPU.Build.0 = Debug|Any CPU
		{480CB110-BB4E-480D-A2DB-E4C8B6CE57DD}.Debug|x64.ActiveCfg = Debug|Any CPU
		{480CB110-BB4E-480D-A2DB-E4C8B6CE57DD}.Debug|x64.Build.0 = Debug|Any CPU
		{480CB110-BB4E-480D-A2DB-E4C8B6CE57DD}.Debug|x86.ActiveCfg = Debug|Any CPU
		{480CB110-BB4E-480D-A2DB-E4C8B6CE57DD}.Debug|x86.Build.0 = Debug|Any CPU
		{480CB110-BB4E-480D-A2DB-E4C8B6CE57DD}.Release|Any CPU.ActiveCfg = Release|Any CPU
		{480CB110-BB4E-480D-A2DB-E4C8B6CE57DD}.Release|Any CPU.Build.0 = Release|Any CPU
		{480CB110-BB4E-480D-A2DB-E4C8B6CE57DD}.Release|x64.ActiveCfg = Release|Any CPU
		{480CB110-BB4E-480D-A2DB-E4C8B6CE57DD}.Release|x64.Build.0 = Release|Any CPU
		{480CB110-BB4E-480D-A2DB-E4C8B6CE57DD}.Release|x86.ActiveCfg = Release|Any CPU
		{480CB110-BB4E-480D-A2DB-E4C8B6CE57DD}.Release|x86.Build.0 = Release|Any CPU
		{1908BE0E-23C0-4184-B885-211C2ABCDDE4}.Debug|Any CPU.ActiveCfg = Debug|Any CPU
		{1908BE0E-23C0-4184-B885-211C2ABCDDE4}.Debug|Any CPU.Build.0 = Debug|Any CPU
		{1908BE0E-23C0-4184-B885-211C2ABCDDE4}.Debug|x64.ActiveCfg = Debug|Any CPU
		{1908BE0E-23C0-4184-B885-211C2ABCDDE4}.Debug|x64.Build.0 = Debug|Any CPU
		{1908BE0E-23C0-4184-B885-211C2ABCDDE4}.Debug|x86.ActiveCfg = Debug|Any CPU
		{1908BE0E-23C0-4184-B885-211C2ABCDDE4}.Debug|x86.Build.0 = Debug|Any CPU
		{1908BE0E-23C0-4184-B885-211C2ABCDDE4}.Release|Any CPU.ActiveCfg = Release|Any CPU
		{1908BE0E-23C0-4184-B885-211C2ABCDDE4}.Release|Any CPU.Build.0 = Release|Any CPU
		{1908BE0E-23C0-4184-B885-211C2ABCDDE4}.Release|x64.ActiveCfg = Release|Any CPU
		{1908BE0E-23C0-4184-B885-211C2ABCDDE4}.Release|x64.Build.0 = Release|Any CPU
		{1908BE0E-23C0-4184-B885-211C2ABCDDE4}.Release|x86.ActiveCfg = Release|Any CPU
		{1908BE0E-23C0-4184-B885-211C2ABCDDE4}.Release|x86.Build.0 = Release|Any CPU
		{2524F696-337B-4627-8608-135B314C7EAB}.Debug|Any CPU.ActiveCfg = Debug|Any CPU
		{2524F696-337B-4627-8608-135B314C7EAB}.Debug|Any CPU.Build.0 = Debug|Any CPU
		{2524F696-337B-4627-8608-135B314C7EAB}.Debug|x64.ActiveCfg = Debug|Any CPU
		{2524F696-337B-4627-8608-135B314C7EAB}.Debug|x64.Build.0 = Debug|Any CPU
		{2524F696-337B-4627-8608-135B314C7EAB}.Debug|x86.ActiveCfg = Debug|Any CPU
		{2524F696-337B-4627-8608-135B314C7EAB}.Debug|x86.Build.0 = Debug|Any CPU
		{2524F696-337B-4627-8608-135B314C7EAB}.Release|Any CPU.ActiveCfg = Release|Any CPU
		{2524F696-337B-4627-8608-135B314C7EAB}.Release|Any CPU.Build.0 = Release|Any CPU
		{2524F696-337B-4627-8608-135B314C7EAB}.Release|x64.ActiveCfg = Release|Any CPU
		{2524F696-337B-4627-8608-135B314C7EAB}.Release|x64.Build.0 = Release|Any CPU
		{2524F696-337B-4627-8608-135B314C7EAB}.Release|x86.ActiveCfg = Release|Any CPU
		{2524F696-337B-4627-8608-135B314C7EAB}.Release|x86.Build.0 = Release|Any CPU
		{F79A51AD-E44B-4998-A8F9-4A1C3735A6C6}.Debug|Any CPU.ActiveCfg = Debug|Any CPU
		{F79A51AD-E44B-4998-A8F9-4A1C3735A6C6}.Debug|Any CPU.Build.0 = Debug|Any CPU
		{F79A51AD-E44B-4998-A8F9-4A1C3735A6C6}.Debug|x64.ActiveCfg = Debug|Any CPU
		{F79A51AD-E44B-4998-A8F9-4A1C3735A6C6}.Debug|x64.Build.0 = Debug|Any CPU
		{F79A51AD-E44B-4998-A8F9-4A1C3735A6C6}.Debug|x86.ActiveCfg = Debug|Any CPU
		{F79A51AD-E44B-4998-A8F9-4A1C3735A6C6}.Debug|x86.Build.0 = Debug|Any CPU
		{F79A51AD-E44B-4998-A8F9-4A1C3735A6C6}.Release|Any CPU.ActiveCfg = Release|Any CPU
		{F79A51AD-E44B-4998-A8F9-4A1C3735A6C6}.Release|Any CPU.Build.0 = Release|Any CPU
		{F79A51AD-E44B-4998-A8F9-4A1C3735A6C6}.Release|x64.ActiveCfg = Release|Any CPU
		{F79A51AD-E44B-4998-A8F9-4A1C3735A6C6}.Release|x64.Build.0 = Release|Any CPU
		{F79A51AD-E44B-4998-A8F9-4A1C3735A6C6}.Release|x86.ActiveCfg = Release|Any CPU
		{F79A51AD-E44B-4998-A8F9-4A1C3735A6C6}.Release|x86.Build.0 = Release|Any CPU
		{E3AE5BBA-305D-4205-A809-66B936699C99}.Debug|Any CPU.ActiveCfg = Debug|Any CPU
		{E3AE5BBA-305D-4205-A809-66B936699C99}.Debug|Any CPU.Build.0 = Debug|Any CPU
		{E3AE5BBA-305D-4205-A809-66B936699C99}.Debug|x64.ActiveCfg = Debug|Any CPU
		{E3AE5BBA-305D-4205-A809-66B936699C99}.Debug|x64.Build.0 = Debug|Any CPU
		{E3AE5BBA-305D-4205-A809-66B936699C99}.Debug|x86.ActiveCfg = Debug|Any CPU
		{E3AE5BBA-305D-4205-A809-66B936699C99}.Debug|x86.Build.0 = Debug|Any CPU
		{E3AE5BBA-305D-4205-A809-66B936699C99}.Release|Any CPU.ActiveCfg = Release|Any CPU
		{E3AE5BBA-305D-4205-A809-66B936699C99}.Release|Any CPU.Build.0 = Release|Any CPU
		{E3AE5BBA-305D-4205-A809-66B936699C99}.Release|x64.ActiveCfg = Release|Any CPU
		{E3AE5BBA-305D-4205-A809-66B936699C99}.Release|x64.Build.0 = Release|Any CPU
		{E3AE5BBA-305D-4205-A809-66B936699C99}.Release|x86.ActiveCfg = Release|Any CPU
		{E3AE5BBA-305D-4205-A809-66B936699C99}.Release|x86.Build.0 = Release|Any CPU
		{7A3E9436-AE09-4691-9378-A73A1EEBD7F0}.Debug|Any CPU.ActiveCfg = Debug|Any CPU
		{7A3E9436-AE09-4691-9378-A73A1EEBD7F0}.Debug|Any CPU.Build.0 = Debug|Any CPU
		{7A3E9436-AE09-4691-9378-A73A1EEBD7F0}.Debug|x64.ActiveCfg = Debug|Any CPU
		{7A3E9436-AE09-4691-9378-A73A1EEBD7F0}.Debug|x64.Build.0 = Debug|Any CPU
		{7A3E9436-AE09-4691-9378-A73A1EEBD7F0}.Debug|x86.ActiveCfg = Debug|Any CPU
		{7A3E9436-AE09-4691-9378-A73A1EEBD7F0}.Debug|x86.Build.0 = Debug|Any CPU
		{7A3E9436-AE09-4691-9378-A73A1EEBD7F0}.Release|Any CPU.ActiveCfg = Release|Any CPU
		{7A3E9436-AE09-4691-9378-A73A1EEBD7F0}.Release|Any CPU.Build.0 = Release|Any CPU
		{7A3E9436-AE09-4691-9378-A73A1EEBD7F0}.Release|x64.ActiveCfg = Release|Any CPU
		{7A3E9436-AE09-4691-9378-A73A1EEBD7F0}.Release|x64.Build.0 = Release|Any CPU
		{7A3E9436-AE09-4691-9378-A73A1EEBD7F0}.Release|x86.ActiveCfg = Release|Any CPU
		{7A3E9436-AE09-4691-9378-A73A1EEBD7F0}.Release|x86.Build.0 = Release|Any CPU
		{ECF3A068-C731-4C2E-887B-FDDDCBC0A208}.Debug|Any CPU.ActiveCfg = Debug|Any CPU
		{ECF3A068-C731-4C2E-887B-FDDDCBC0A208}.Debug|Any CPU.Build.0 = Debug|Any CPU
		{ECF3A068-C731-4C2E-887B-FDDDCBC0A208}.Debug|x64.ActiveCfg = Debug|Any CPU
		{ECF3A068-C731-4C2E-887B-FDDDCBC0A208}.Debug|x64.Build.0 = Debug|Any CPU
		{ECF3A068-C731-4C2E-887B-FDDDCBC0A208}.Debug|x86.ActiveCfg = Debug|Any CPU
		{ECF3A068-C731-4C2E-887B-FDDDCBC0A208}.Debug|x86.Build.0 = Debug|Any CPU
		{ECF3A068-C731-4C2E-887B-FDDDCBC0A208}.Release|Any CPU.ActiveCfg = Release|Any CPU
		{ECF3A068-C731-4C2E-887B-FDDDCBC0A208}.Release|Any CPU.Build.0 = Release|Any CPU
		{ECF3A068-C731-4C2E-887B-FDDDCBC0A208}.Release|x64.ActiveCfg = Release|Any CPU
		{ECF3A068-C731-4C2E-887B-FDDDCBC0A208}.Release|x64.Build.0 = Release|Any CPU
		{ECF3A068-C731-4C2E-887B-FDDDCBC0A208}.Release|x86.ActiveCfg = Release|Any CPU
		{ECF3A068-C731-4C2E-887B-FDDDCBC0A208}.Release|x86.Build.0 = Release|Any CPU
		{85197ED5-6F3C-45EF-8E89-D2A02E747EEC}.Debug|Any CPU.ActiveCfg = Debug|Any CPU
		{85197ED5-6F3C-45EF-8E89-D2A02E747EEC}.Debug|Any CPU.Build.0 = Debug|Any CPU
		{85197ED5-6F3C-45EF-8E89-D2A02E747EEC}.Debug|x64.ActiveCfg = Debug|Any CPU
		{85197ED5-6F3C-45EF-8E89-D2A02E747EEC}.Debug|x64.Build.0 = Debug|Any CPU
		{85197ED5-6F3C-45EF-8E89-D2A02E747EEC}.Debug|x86.ActiveCfg = Debug|Any CPU
		{85197ED5-6F3C-45EF-8E89-D2A02E747EEC}.Debug|x86.Build.0 = Debug|Any CPU
		{85197ED5-6F3C-45EF-8E89-D2A02E747EEC}.Release|Any CPU.ActiveCfg = Release|Any CPU
		{85197ED5-6F3C-45EF-8E89-D2A02E747EEC}.Release|Any CPU.Build.0 = Release|Any CPU
		{85197ED5-6F3C-45EF-8E89-D2A02E747EEC}.Release|x64.ActiveCfg = Release|Any CPU
		{85197ED5-6F3C-45EF-8E89-D2A02E747EEC}.Release|x64.Build.0 = Release|Any CPU
		{85197ED5-6F3C-45EF-8E89-D2A02E747EEC}.Release|x86.ActiveCfg = Release|Any CPU
		{85197ED5-6F3C-45EF-8E89-D2A02E747EEC}.Release|x86.Build.0 = Release|Any CPU
		{23FA5C1E-1C73-471A-A879-B0083530DDDC}.Debug|Any CPU.ActiveCfg = Debug|Any CPU
		{23FA5C1E-1C73-471A-A879-B0083530DDDC}.Debug|Any CPU.Build.0 = Debug|Any CPU
		{23FA5C1E-1C73-471A-A879-B0083530DDDC}.Debug|x64.ActiveCfg = Debug|Any CPU
		{23FA5C1E-1C73-471A-A879-B0083530DDDC}.Debug|x64.Build.0 = Debug|Any CPU
		{23FA5C1E-1C73-471A-A879-B0083530DDDC}.Debug|x86.ActiveCfg = Debug|Any CPU
		{23FA5C1E-1C73-471A-A879-B0083530DDDC}.Debug|x86.Build.0 = Debug|Any CPU
		{23FA5C1E-1C73-471A-A879-B0083530DDDC}.Release|Any CPU.ActiveCfg = Release|Any CPU
		{23FA5C1E-1C73-471A-A879-B0083530DDDC}.Release|Any CPU.Build.0 = Release|Any CPU
		{23FA5C1E-1C73-471A-A879-B0083530DDDC}.Release|x64.ActiveCfg = Release|Any CPU
		{23FA5C1E-1C73-471A-A879-B0083530DDDC}.Release|x64.Build.0 = Release|Any CPU
		{23FA5C1E-1C73-471A-A879-B0083530DDDC}.Release|x86.ActiveCfg = Release|Any CPU
		{23FA5C1E-1C73-471A-A879-B0083530DDDC}.Release|x86.Build.0 = Release|Any CPU
		{32AA797C-A5B1-4FA5-A462-1C68DB072851}.Debug|Any CPU.ActiveCfg = Debug|Any CPU
		{32AA797C-A5B1-4FA5-A462-1C68DB072851}.Debug|Any CPU.Build.0 = Debug|Any CPU
		{32AA797C-A5B1-4FA5-A462-1C68DB072851}.Debug|x64.ActiveCfg = Debug|Any CPU
		{32AA797C-A5B1-4FA5-A462-1C68DB072851}.Debug|x64.Build.0 = Debug|Any CPU
		{32AA797C-A5B1-4FA5-A462-1C68DB072851}.Debug|x86.ActiveCfg = Debug|Any CPU
		{32AA797C-A5B1-4FA5-A462-1C68DB072851}.Debug|x86.Build.0 = Debug|Any CPU
		{32AA797C-A5B1-4FA5-A462-1C68DB072851}.Release|Any CPU.ActiveCfg = Release|Any CPU
		{32AA797C-A5B1-4FA5-A462-1C68DB072851}.Release|Any CPU.Build.0 = Release|Any CPU
		{32AA797C-A5B1-4FA5-A462-1C68DB072851}.Release|x64.ActiveCfg = Release|Any CPU
		{32AA797C-A5B1-4FA5-A462-1C68DB072851}.Release|x64.Build.0 = Release|Any CPU
		{32AA797C-A5B1-4FA5-A462-1C68DB072851}.Release|x86.ActiveCfg = Release|Any CPU
		{32AA797C-A5B1-4FA5-A462-1C68DB072851}.Release|x86.Build.0 = Release|Any CPU
	EndGlobalSection
	GlobalSection(SolutionProperties) = preSolution
		HideSolutionNode = FALSE
	EndGlobalSection
	GlobalSection(NestedProjects) = preSolution
		{10A3C5AF-93CA-4A34-B215-FB411DEA2518} = {827E0CD3-B72D-47B6-A68D-7590B98EB39B}
		{DCC7901B-E769-46B3-AD2A-B4A9BBF89A34} = {827E0CD3-B72D-47B6-A68D-7590B98EB39B}
		{D09FC68E-E0EE-4976-9B23-B9478B7AA25A} = {0AB3BF05-4346-4AA6-1389-037BE0695223}
		{41481A52-CD02-4EE4-BF55-578E9D78CA31} = {827E0CD3-B72D-47B6-A68D-7590B98EB39B}
		{C2EC4AB4-49CD-473B-A98D-58512012018F} = {827E0CD3-B72D-47B6-A68D-7590B98EB39B}
		{480CB110-BB4E-480D-A2DB-E4C8B6CE57DD} = {827E0CD3-B72D-47B6-A68D-7590B98EB39B}
		{1908BE0E-23C0-4184-B885-211C2ABCDDE4} = {827E0CD3-B72D-47B6-A68D-7590B98EB39B}
		{2524F696-337B-4627-8608-135B314C7EAB} = {827E0CD3-B72D-47B6-A68D-7590B98EB39B}
		{F79A51AD-E44B-4998-A8F9-4A1C3735A6C6} = {827E0CD3-B72D-47B6-A68D-7590B98EB39B}
		{E3AE5BBA-305D-4205-A809-66B936699C99} = {827E0CD3-B72D-47B6-A68D-7590B98EB39B}
		{7A3E9436-AE09-4691-9378-A73A1EEBD7F0} = {827E0CD3-B72D-47B6-A68D-7590B98EB39B}
		{ECF3A068-C731-4C2E-887B-FDDDCBC0A208} = {827E0CD3-B72D-47B6-A68D-7590B98EB39B}
		{85197ED5-6F3C-45EF-8E89-D2A02E747EEC} = {827E0CD3-B72D-47B6-A68D-7590B98EB39B}
		{23FA5C1E-1C73-471A-A879-B0083530DDDC} = {827E0CD3-B72D-47B6-A68D-7590B98EB39B}
		{32AA797C-A5B1-4FA5-A462-1C68DB072851} = {827E0CD3-B72D-47B6-A68D-7590B98EB39B}
	EndGlobalSection
	GlobalSection(ExtensibilityGlobals) = postSolution
		SolutionGuid = {BC1C740D-8C51-48DB-B68B-6773356882D1}
	EndGlobalSection
EndGlobal
