
Microsoft Visual Studio Solution File, Format Version 12.00
# Visual Studio Version 17
VisualStudioVersion = 17.14.37027.9
MinimumVisualStudioVersion = 10.0.40219.1
Project("{2150E333-8FDC-42A3-9474-1A3956D46DE8}") = "src", "src", "{827E0CD3-B72D-47B6-A68D-7590B98EB39B}"
EndProject
Project("{FAE04EC0-301F-11D3-BF4B-00C04F79EFBC}") = "SyntheticMind.Mind", "src\SyntheticMind.Mind\SyntheticMind.Mind.csproj", "{10A3C5AF-93CA-4A34-B215-FB411DEA2518}"
EndProject
Project("{FAE04EC0-301F-11D3-BF4B-00C04F79EFBC}") = "SyntheticMind.Lab", "src\SyntheticMind.Lab\SyntheticMind.Lab.csproj", "{DCC7901B-E769-46B3-AD2A-B4A9BBF89A34}"
EndProject
Project("{2150E333-8FDC-42A3-9474-1A3956D46DE8}") = "tests", "tests", "{0AB3BF05-4346-4AA6-1389-037BE0695223}"
EndProject
Project("{FAE04EC0-301F-11D3-BF4B-00C04F79EFBC}") = "SyntheticMind.Tests", "tests\SyntheticMind.Tests\SyntheticMind.Tests.csproj", "{D09FC68E-E0EE-4976-9B23-B9478B7AA25A}"
EndProject
Project("{FAE04EC0-301F-11D3-BF4B-00C04F79EFBC}") = "SyntheticMind.Audio", "src\SyntheticMind.Audio\SyntheticMind.Audio.csproj", "{41481A52-CD02-4EE4-BF55-578E9D78CA31}"
EndProject
Project("{FAE04EC0-301F-11D3-BF4B-00C04F79EFBC}") = "SyntheticMind.Listen", "src\SyntheticMind.Listen\SyntheticMind.Listen.csproj", "{C2EC4AB4-49CD-473B-A98D-58512012018F}"
EndProject
Project("{FAE04EC0-301F-11D3-BF4B-00C04F79EFBC}") = "SyntheticMind.Vision", "src\SyntheticMind.Vision\SyntheticMind.Vision.csproj", "{480CB110-BB4E-480D-A2DB-E4C8B6CE57DD}"
EndProject
Global
	GlobalSection(SolutionConfigurationPlatforms) = preSolution
		Debug|Any CPU = Debug|Any CPU
		Debug|x64 = Debug|x64
		Debug|x86 = Debug|x86
		Release|Any CPU = Release|Any CPU
		Release|x64 = Release|x64
		Release|x86 = Release|x86
	EndGlobalSection
	GlobalSection(ProjectConfigurationPlatforms) = postSolution
		{10A3C5AF-93CA-4A34-B215-FB411DEA2518}.Debug|Any CPU.ActiveCfg = Debug|Any CPU
		{10A3C5AF-93CA-4A34-B215-FB411DEA2518}.Debug|Any CPU.Build.0 = Debug|Any CPU
		{10A3C5AF-93CA-4A34-B215-FB411DEA2518}.Debug|x64.ActiveCfg = Debug|Any CPU
		{10A3C5AF-93CA-4A34-B215-FB411DEA2518}.Debug|x64.Build.0 = Debug|Any CPU
		{10A3C5AF-93CA-4A34-B215-FB411DEA2518}.Debug|x86.ActiveCfg = Debug|Any CPU
		{10A3C5AF-93CA-4A34-B215-FB411DEA2518}.Debug|x86.Build.0 = Debug|Any CPU
		{10A3C5AF-93CA-4A34-B215-FB411DEA2518}.Release|Any CPU.ActiveCfg = Release|Any CPU
		{10A3C5AF-93CA-4A34-B215-FB411DEA2518}.Release|Any CPU.Build.0 = Release|Any CPU
		{10A3C5AF-93CA-4A34-B215-FB411DEA2518}.Release|x64.ActiveCfg = Release|Any CPU
		{10A3C5AF-93CA-4A34-B215-FB411DEA2518}.Release|x64.Build.0 = Release|Any CPU
		{10A3C5AF-93CA-4A34-B215-FB411DEA2518}.Release|x86.ActiveCfg = Release|Any CPU
		{10A3C5AF-93CA-4A34-B215-FB411DEA2518}.Release|x86.Build.0 = Release|Any CPU
		{DCC7901B-E769-46B3-AD2A-B4A9BBF89A34}.Debug|Any CPU.ActiveCfg = Debug|Any CPU
		{DCC7901B-E769-46B3-AD2A-B4A9BBF89A34}.Debug|Any CPU.Build.0 = Debug|Any CPU
		{DCC7901B-E769-46B3-AD2A-B4A9BBF89A34}.Debug|x64.ActiveCfg = Debug|Any CPU
		{DCC7901B-E769-46B3-AD2A-B4A9BBF89A34}.Debug|x64.Build.0 = Debug|Any CPU
		{DCC7901B-E769-46B3-AD2A-B4A9BBF89A34}.Debug|x86.ActiveCfg = Debug|Any CPU
		{DCC7901B-E769-46B3-AD2A-B4A9BBF89A34}.Debug|x86.Build.0 = Debug|Any CPU
		{DCC7901B-E769-46B3-AD2A-B4A9BBF89A34}.Release|Any CPU.ActiveCfg = Release|Any CPU
		{DCC7901B-E769-46B3-AD2A-B4A9BBF89A34}.Release|Any CPU.Build.0 = Release|Any CPU
		{DCC7901B-E769-46B3-AD2A-B4A9BBF89A34}.Release|x64.ActiveCfg = Release|Any CPU
		{DCC7901B-E769-46B3-AD2A-B4A9BBF89A34}.Release|x64.Build.0 = Release|Any CPU
		{DCC7901B-E769-46B3-AD2A-B4A9BBF89A34}.Release|x86.ActiveCfg = Release|Any CPU
		{DCC7901B-E769-46B3-AD2A-B4A9BBF89A34}.Release|x86.Build.0 = Release|Any CPU
		{D09FC68E-E0EE-4976-9B23-B9478B7AA25A}.Debug|Any CPU.ActiveCfg = Debug|Any CPU
		{D09FC68E-E0EE-4976-9B23-B9478B7AA25A}.Debug|Any CPU.Build.0 = Debug|Any CPU
		{D09FC68E-E0EE-4976-9B23-B9478B7AA25A}.Debug|x64.ActiveCfg = Debug|Any CPU
		{D09FC68E-E0EE-4976-9B23-B9478B7AA25A}.Debug|x64.Build.0 = Debug|Any CPU
		{D09FC68E-E0EE-4976-9B23-B9478B7AA25A}.Debug|x86.ActiveCfg = Debug|Any CPU
		{D09FC68E-E0EE-4976-9B23-B9478B7AA25A}.Debug|x86.Build.0 = Debug|Any CPU
		{D09FC68E-E0EE-4976-9B23-B9478B7AA25A}.Release|Any CPU.ActiveCfg = Release|Any CPU
		{D09FC68E-E0EE-4976-9B23-B9478B7AA25A}.Release|Any CPU.Build.0 = Release|Any CPU
		{D09FC68E-E0EE-4976-9B23-B9478B7AA25A}.Release|x64.ActiveCfg = Release|Any CPU
		{D09FC68E-E0EE-4976-9B23-B9478B7AA25A}.Release|x64.Build.0 = Release|Any CPU
		{D09FC68E-E0EE-4976-9B23-B9478B7AA25A}.Release|x86.ActiveCfg = Release|Any CPU
		{D09FC68E-E0EE-4976-9B23-B9478B7AA25A}.Release|x86.Build.0 = Release|Any CPU
		{41481A52-CD02-4EE4-BF55-578E9D78CA31}.Debug|Any CPU.ActiveCfg = Debug|Any CPU
		{41481A52-CD02-4EE4-BF55-578E9D78CA31}.Debug|Any CPU.Build.0 = Debug|Any CPU
		{41481A52-CD02-4EE4-BF55-578E9D78CA31}.Debug|x64.ActiveCfg = Debug|Any CPU
		{41481A52-CD02-4EE4-BF55-578E9D78CA31}.Debug|x64.Build.0 = Debug|Any CPU
		{41481A52-CD02-4EE4-BF55-578E9D78CA31}.Debug|x86.ActiveCfg = Debug|Any CPU
		{41481A52-CD02-4EE4-BF55-578E9D78CA31}.Debug|x86.Build.0 = Debug|Any CPU
		{41481A52-CD02-4EE4-BF55-578E9D78CA31}.Release|Any CPU.ActiveCfg = Release|Any CPU
		{41481A52-CD02-4EE4-BF55-578E9D78CA31}.Release|Any CPU.Build.0 = Release|Any CPU
		{41481A52-CD02-4EE4-BF55-578E9D78CA31}.Release|x64.ActiveCfg = Release|Any CPU
		{41481A52-CD02-4EE4-BF55-578E9D78CA31}.Release|x64.Build.0 = Release|Any CPU
		{41481A52-CD02-4EE4-BF55-578E9D78CA31}.Release|x86.ActiveCfg = Release|Any CPU
		{41481A52-CD02-4EE4-BF55-578E9D78CA31}.Release|x86.Build.0 = Release|Any CPU
		{C2EC4AB4-49CD-473B-A98D-58512012018F}.Debug|Any CPU.ActiveCfg = Debug|Any CPU
		{C2EC4AB4-49CD-473B-A98D-58512012018F}.Debug|Any CPU.Build.0 = Debug|Any CPU
		{C2EC4AB4-49CD-473B-A98D-58512012018F}.Debug|x64.ActiveCfg = Debug|Any CPU
		{C2EC4AB4-49CD-473B-A98D-58512012018F}.Debug|x64.Build.0 = Debug|Any CPU
		{C2EC4AB4-49CD-473B-A98D-58512012018F}.Debug|x86.ActiveCfg = Debug|Any CPU
		{C2EC4AB4-49CD-473B-A98D-58512012018F}.Debug|x86.Build.0 = Debug|Any CPU
		{C2EC4AB4-49CD-473B-A98D-58512012018F}.Release|Any CPU.ActiveCfg = Release|Any CPU
		{C2EC4AB4-49CD-473B-A98D-58512012018F}.Release|Any CPU.Build.0 = Release|Any CPU
		{C2EC4AB4-49CD-473B-A98D-58512012018F}.Release|x64.ActiveCfg = Release|Any CPU
		{C2EC4AB4-49CD-473B-A98D-58512012018F}.Release|x64.Build.0 = Release|Any CPU
		{C2EC4AB4-49CD-473B-A98D-58512012018F}.Release|x86.ActiveCfg = Release|Any CPU
		{C2EC4AB4-49CD-473B-A98D-58512012018F}.Release|x86.Build.0 = Release|Any CPU
		{480CB110-BB4E-480D-A2DB-E4C8B6CE57DD}.Debug|Any CPU.ActiveCfg = Debug|Any CPU
		{480CB110-BB4E-480D-A2DB-E4C8B6CE57DD}.Debug|Any CPU.Build.0 = Debug|Any CPU
		{480CB110-BB4E-480D-A2DB-E4C8B6CE57DD}.Debug|x64.ActiveCfg = Debug|Any CPU
		{480CB110-BB4E-480D-A2DB-E4C8B6CE57DD}.Debug|x64.Build.0 = Debug|Any CPU
		{480CB110-BB4E-480D-A2DB-E4C8B6CE57DD}.Debug|x86.ActiveCfg = Debug|Any CPU
		{480CB110-BB4E-480D-A2DB-E4C8B6CE57DD}.Debug|x86.Build.0 = Debug|Any CPU
		{480CB110-BB4E-480D-A2DB-E4C8B6CE57DD}.Release|Any CPU.ActiveCfg = Release|Any CPU
		{480CB110-BB4E-480D-A2DB-E4C8B6CE57DD}.Release|Any CPU.Build.0 = Release|Any CPU
		{480CB110-BB4E-480D-A2DB-E4C8B6CE57DD}.Release|x64.ActiveCfg = Release|Any CPU
		{480CB110-BB4E-480D-A2DB-E4C8B6CE57DD}.Release|x64.Build.0 = Release|Any CPU
		{480CB110-BB4E-480D-A2DB-E4C8B6CE57DD}.Release|x86.ActiveCfg = Release|Any CPU
		{480CB110-BB4E-480D-A2DB-E4C8B6CE57DD}.Release|x86.Build.0 = Release|Any CPU
	EndGlobalSection
	GlobalSection(SolutionProperties) = preSolution
		HideSolutionNode = FALSE
	EndGlobalSection
	GlobalSection(NestedProjects) = preSolution
		{10A3C5AF-93CA-4A34-B215-FB411DEA2518} = {827E0CD3-B72D-47B6-A68D-7590B98EB39B}
		{DCC7901B-E769-46B3-AD2A-B4A9BBF89A34} = {827E0CD3-B72D-47B6-A68D-7590B98EB39B}
		{D09FC68E-E0EE-4976-9B23-B9478B7AA25A} = {0AB3BF05-4346-4AA6-1389-037BE0695223}
		{41481A52-CD02-4EE4-BF55-578E9D78CA31} = {827E0CD3-B72D-47B6-A68D-7590B98EB39B}
		{C2EC4AB4-49CD-473B-A98D-58512012018F} = {827E0CD3-B72D-47B6-A68D-7590B98EB39B}
		{480CB110-BB4E-480D-A2DB-E4C8B6CE57DD} = {827E0CD3-B72D-47B6-A68D-7590B98EB39B}
	EndGlobalSection
	GlobalSection(ExtensibilityGlobals) = postSolution
		SolutionGuid = {BC1C740D-8C51-48DB-B68B-6773356882D1}
	EndGlobalSection
EndGlobal
